
Microsoft Visual Studio Solution File, Format Version 12.00
# Visual Studio Version 17
VisualStudioVersion = 17.4.33122.133
MinimumVisualStudioVersion = 10.0.40219.1
Project("{FAE04EC0-301F-11D3-BF4B-00C04F79EFBC}") = "Homework prac.Casting29.12.2022", "Homework prac.Casting29.12.2022\Homework prac.Casting29.12.2022.csproj", "{44672C5B-6018-4A3B-B341-EF19D5C80B68}"
EndProject
Global
	GlobalSection(SolutionConfigurationPlatforms) = preSolution
		Debug|Any CPU = Debug|Any CPU
		Release|Any CPU = Release|Any CPU
	EndGlobalSection
	GlobalSection(ProjectConfigurationPlatforms) = postSolution
		{44672C5B-6018-4A3B-B341-EF19D5C80B68}.Debug|Any CPU.ActiveCfg = Debug|Any CPU
		{44672C5B-6018-4A3B-B341-EF19D5C80B68}.Debug|Any CPU.Build.0 = Debug|Any CPU
		{44672C5B-6018-4A3B-B341-EF19D5C80B68}.Release|Any CPU.ActiveCfg = Release|Any CPU
		{44672C5B-6018-4A3B-B341-EF19D5C80B68}.Release|Any CPU.Build.0 = Release|Any CPU
	EndGlobalSection
	GlobalSection(SolutionProperties) = preSolution
		HideSolutionNode = FALSE
	EndGlobalSection
	GlobalSection(ExtensibilityGlobals) = postSolution
		SolutionGuid = {2A1E0605-F448-44FD-B199-27F324A648B9}
	EndGlobalSection
EndGlobal
